
Microsoft Visual Studio Solution File, Format Version 11.00
# Visual Studio 2010
Project("{FAE04EC0-301F-11D3-BF4B-00C04F79EFBC}") = "Assembly-CSharp", "Assembly-CSharp.csproj", "{35AB27BA-4D3E-52F3-2000-62ECC5A1165C}"
EndProject
Global
	GlobalSection(SolutionConfigurationPlatforms) = preSolution
		Debug|Any CPU = Debug|Any CPU
		Release|Any CPU = Release|Any CPU
	EndGlobalSection
	GlobalSection(ProjectConfigurationPlatforms) = postSolution
		{35AB27BA-4D3E-52F3-2000-62ECC5A1165C}.Debug|Any CPU.ActiveCfg = Debug|Any CPU
		{35AB27BA-4D3E-52F3-2000-62ECC5A1165C}.Debug|Any CPU.Build.0 = Debug|Any CPU
		{35AB27BA-4D3E-52F3-2000-62ECC5A1165C}.Release|Any CPU.ActiveCfg = Release|Any CPU
		{35AB27BA-4D3E-52F3-2000-62ECC5A1165C}.Release|Any CPU.Build.0 = Release|Any CPU
	EndGlobalSection
	GlobalSection(SolutionProperties) = preSolution
		HideSolutionNode = FALSE
	EndGlobalSection
EndGlobal
